schema: '2.0'
stages:
  collect-data:
    cmd: calkit xenv -n py --no-check -- python scripts/collect-data.py
    deps:
    - path: .calkit/env-locks/py
      hash: md5
      md5: b195e8d274f75b5f4ba8642c2ce9f2ca.dir
      size: 693
      nfiles: 3
    - path: scripts/collect-data.py
      hash: md5
      md5: c001a466819572a44e286ff9738514b9
      size: 383
    outs:
    - path: data/raw/data.csv
      hash: md5
      md5: ffb41e3ebac50bb8ee4d2a93b70ec400
      size: 43640
  plot-voltage:
    cmd: calkit xenv -n py --no-check -- python scripts/plot-voltage.py
    deps:
    - path: .calkit/env-locks/py
      hash: md5
      md5: b195e8d274f75b5f4ba8642c2ce9f2ca.dir
      size: 693
      nfiles: 3
    - path: data/raw/data.csv
      hash: md5
      md5: ffb41e3ebac50bb8ee4d2a93b70ec400
      size: 43640
    - path: scripts/plot-voltage.py
      hash: md5
      md5: 087a567a0c0f6199a908399013d564a1
      size: 297
    outs:
    - path: figures/voltage-time-series.png
      hash: md5
      md5: 44bc02d7e823417709ad42c88bc041c5
      size: 41100
  copy-figures-to-paper-dir:
    cmd: cp -r figures paper/figures
    deps:
    - path: figures
      hash: md5
      md5: d6fd2418e3b774996ddd0f26715c36ac.dir
      size: 45148
      nfiles: 2
    outs:
    - path: paper/figures
      hash: md5
      md5: d6fd2418e3b774996ddd0f26715c36ac.dir
      size: 45148
      nfiles: 2
  build-paper:
    cmd: calkit latex build -e tex --no-check paper/paper.tex
    deps:
    - path: .calkit/env-locks/tex
      hash: md5
      md5: 6e6fd137d3e11267da50d89f781b0552.dir
      size: 2294
      nfiles: 2
    - path: figures
      hash: md5
      md5: 02772af4c00ee4defe78439f2fa63142.dir
      size: 41125
      nfiles: 2
    - path: paper/paper.tex
      hash: md5
      md5: 09f2923d7ec5a75fefe95497d6e177cd
      size: 678
    outs:
    - path: paper/paper.pdf
      hash: md5
      md5: e9c22bc1e61b700068cf05876736b3c2
      size: 93634
  _check_env_py:
    cmd: calkit check conda-env --file environment.yml --output .calkit/env-locks/py.yml
    deps:
    - path: environment.yml
      hash: md5
      md5: 4282ecbec6810eb293bdf62d7f956ffd
      size: 119
    outs:
    - path: .calkit/env-locks/py.yml
      hash: md5
      md5: 8119fb42c7e8531010248790fff169cf
      size: 2200
  _check_env_tex:
    cmd: calkit check docker-env texlive/texlive:latest-full -o .calkit/env-locks/tex.json
    outs:
    - path: .calkit/env-locks/tex.json
      hash: md5
      md5: b04cd12c7a8313853c8739a55f6320fe
      size: 2791
  _check-env-py:
    cmd: calkit check environment --name py
    deps:
    - path: requirements.txt
      hash: md5
      md5: 2d0e401b7292d0d218bc567bfb37f9c7
      size: 24
    outs:
    - path: .calkit/env-locks/py
      hash: md5
      md5: 8a87260f7f7bdf4c073cfdc98bf5d538.dir
      size: 462
      nfiles: 2
  _check-env-tex:
    cmd: calkit check environment --name tex
    outs:
    - path: .calkit/env-locks/tex
      hash: md5
      md5: fdae1edb4dcd23e4265e4f7701b324a3.dir
      size: 2342
      nfiles: 2
