schema: '2.0'
stages:
  collect-data:
    cmd: calkit xenv -n py --no-check -- python scripts/collect-data.py
    deps:
    - path: .calkit/env-locks/venvs/linux-64/py.txt
      hash: md5
      md5: 3934f1f66ae3ec5aa3c8130afd15932f
      size: 231
    - path: scripts/collect-data.py
      hash: md5
      md5: eeab1328ac4a9df2ef2452d32c1e6cce
      size: 424
    outs:
    - path: data/raw/data.csv
      hash: md5
      md5: 4d3f8f8d667e9915e8396e23e07652fc
      size: 43673
  plot-voltage:
    cmd: calkit xenv -n py --no-check -- python scripts/plot-voltage.py
    deps:
    - path: .calkit/env-locks/venvs/linux-64/py.txt
      hash: md5
      md5: 3934f1f66ae3ec5aa3c8130afd15932f
      size: 231
    - path: data/raw/data.csv
      hash: md5
      md5: 4d3f8f8d667e9915e8396e23e07652fc
      size: 43673
    - path: scripts/plot-voltage.py
      hash: md5
      md5: 087a567a0c0f6199a908399013d564a1
      size: 297
    outs:
    - path: figures/voltage-time-series.png
      hash: md5
      md5: 6fb534d61f0b22277fc5ff0ba1374718
      size: 44183
  copy-figures-to-paper-dir:
    cmd: cp -r figures paper/figures
    deps:
    - path: figures
      hash: md5
      md5: d6fd2418e3b774996ddd0f26715c36ac.dir
      size: 45148
      nfiles: 2
    outs:
    - path: paper/figures
      hash: md5
      md5: d6fd2418e3b774996ddd0f26715c36ac.dir
      size: 45148
      nfiles: 2
  build-paper:
    cmd: calkit xenv -n tex --no-check -- latexmk -cd -norc 
      -interaction=nonstopmode -silent -synctex=1 -pdf paper/paper.tex
    deps:
    - path: .calkit/env-locks/docker/amd64/tex.json
      hash: md5
      md5: af028316fd879fcf385e0838e3b7ad08
      size: 1171
    - path: figures
      hash: md5
      md5: 5849ca1f72381102436096f4eac7473d.dir
      size: 44208
      nfiles: 2
    - path: paper/paper.tex
      hash: md5
      md5: 09f2923d7ec5a75fefe95497d6e177cd
      size: 678
    outs:
    - path: paper/paper.pdf
      hash: md5
      md5: 522910852bfd54772224ecc3150d6ffc
      size: 94366
  _check_env_py:
    cmd: calkit check conda-env --file environment.yml --output 
      .calkit/env-locks/py.yml
    deps:
    - path: environment.yml
      hash: md5
      md5: 4282ecbec6810eb293bdf62d7f956ffd
      size: 119
    outs:
    - path: .calkit/env-locks/py.yml
      hash: md5
      md5: 8119fb42c7e8531010248790fff169cf
      size: 2200
  _check_env_tex:
    cmd: calkit check docker-env texlive/texlive:latest-full -o 
      .calkit/env-locks/tex.json
    outs:
    - path: .calkit/env-locks/tex.json
      hash: md5
      md5: b04cd12c7a8313853c8739a55f6320fe
      size: 2791
  _check-env-py:
    cmd: calkit check environment --name py
    deps:
    - path: requirements.txt
      hash: md5
      md5: 2d0e401b7292d0d218bc567bfb37f9c7
      size: 24
    outs:
    - path: .calkit/env-locks/venvs/linux-64/py.txt
      hash: md5
      md5: 3934f1f66ae3ec5aa3c8130afd15932f
      size: 231
  _check-env-tex:
    cmd: calkit check environment --name tex
    outs:
    - path: .calkit/env-locks/docker/amd64/tex.json
      hash: md5
      md5: af028316fd879fcf385e0838e3b7ad08
      size: 1171
