schema: '2.0'
stages:
  collect-data:
    cmd: calkit xenv -n py --no-check -- python scripts/collect-data.py
    deps:
    - path: .calkit/env-locks/py
      hash: md5
      md5: b195e8d274f75b5f4ba8642c2ce9f2ca.dir
      size: 693
      nfiles: 3
    - path: scripts/collect-data.py
      hash: md5
      md5: f6eac9dcecbc83717c6487ad67fa2e48
      size: 456
    outs:
    - path: data/raw/data.csv
      hash: md5
      md5: 1599435208b7a99614b71c29fa93b519
      size: 7312
  plot-voltage:
    cmd: calkit xenv -n py --no-check -- python scripts/plot-voltage.py
    deps:
    - path: .calkit/env-locks/py
      hash: md5
      md5: b195e8d274f75b5f4ba8642c2ce9f2ca.dir
      size: 693
      nfiles: 3
    - path: data/raw/data.csv
      hash: md5
      md5: 6a7da9292a60944dd1008dc348eafade
      size: 43642
    - path: scripts/plot-voltage.py
      hash: md5
      md5: 379c0e9377745fcd9d7506b8c30d67b8
      size: 533
    outs:
    - path: figures/x-vs-y.png
      hash: md5
      md5: 44bc02d7e823417709ad42c88bc041c5
      size: 41100
    - path: results/summary.json
      hash: md5
      md5: ab14a5c39cf92d80e8e1255326f16846
      size: 64
  build-paper:
    cmd: calkit latex build -e tex --no-check paper/main.tex
    deps:
    - path: .calkit/env-locks/tex
      hash: md5
      md5: 6e6fd137d3e11267da50d89f781b0552.dir
      size: 2294
      nfiles: 2
    - path: paper/figures
      hash: md5
      md5: 8e540e706ecbfbcda40107acea9facfd.dir
      size: 63111
      nfiles: 2
    - path: paper/main.tex
      hash: md5
      md5: 71f085c6173d528fc1a037d4cea99da9
      size: 1447
    - path: paper/references.bib
      hash: md5
      md5: e4e59ffb0ca33102d27de953875ec32e
      size: 200
    - path: paper/results.tex
      hash: md5
      md5: 5e9c0516142b78357c001a65d19039a1
      size: 475
    outs:
    - path: paper/main.pdf
      hash: md5
      md5: 470d3514ddd9d74a5d65b6a1927b14c2
      size: 128672
  _check_env_py:
    cmd: calkit check conda-env --file environment.yml --output 
      .calkit/env-locks/py.yml
    deps:
    - path: environment.yml
      hash: md5
      md5: 4282ecbec6810eb293bdf62d7f956ffd
      size: 119
    outs:
    - path: .calkit/env-locks/py.yml
      hash: md5
      md5: 8119fb42c7e8531010248790fff169cf
      size: 2200
  _check_env_tex:
    cmd: calkit check docker-env texlive/texlive:latest-full -o 
      .calkit/env-locks/tex.json
    outs:
    - path: .calkit/env-locks/tex.json
      hash: md5
      md5: b04cd12c7a8313853c8739a55f6320fe
      size: 2791
  _check-env-py:
    cmd: calkit check environment --name py
    deps:
    - path: requirements.txt
      hash: md5
      md5: 2d0e401b7292d0d218bc567bfb37f9c7
      size: 24
    outs:
    - path: .calkit/env-locks/py
      hash: md5
      md5: 8a87260f7f7bdf4c073cfdc98bf5d538.dir
      size: 462
      nfiles: 2
  _check-env-tex:
    cmd: calkit check environment --name tex
    outs:
    - path: .calkit/env-locks/tex
      hash: md5
      md5: fdae1edb4dcd23e4265e4f7701b324a3.dir
      size: 2342
      nfiles: 2
  figs-to-paper:
    cmd: calkit map-paths --dir-to-dir-replace 'figures->paper/figures'
    deps:
    - path: figures
      hash: md5
      md5: 8e540e706ecbfbcda40107acea9facfd.dir
      size: 63111
      nfiles: 2
    outs:
    - path: paper/figures
      hash: md5
      md5: 8e540e706ecbfbcda40107acea9facfd.dir
      size: 63111
      nfiles: 2
  results-to-tex:
    cmd: calkit latex from-json 'results/summary.json' --output 
      'paper/results.tex'
    deps:
    - path: results/summary.json
      hash: md5
      md5: 746d889b64086f0edde9f0bb3b799338
      size: 63
    outs:
    - path: paper/results.tex
      hash: md5
      md5: 5e9c0516142b78357c001a65d19039a1
      size: 475
  analyze:
    cmd: calkit xenv -n py --no-check -- python scripts/analyze.py
    deps:
    - path: .calkit/env-locks/py
      hash: md5
      md5: b195e8d274f75b5f4ba8642c2ce9f2ca.dir
      size: 693
      nfiles: 3
    - path: data/raw/data.csv
      hash: md5
      md5: 1599435208b7a99614b71c29fa93b519
      size: 7312
    - path: scripts/analyze.py
      hash: md5
      md5: dc43cbe2ee422b62a67d7e6ddc80d55c
      size: 2006
    outs:
    - path: figures/x-vs-y.png
      hash: md5
      md5: 79efaca5478ffc7c19b0db3a0ae5fcb5
      size: 63099
    - path: results/summary.json
      hash: md5
      md5: 746d889b64086f0edde9f0bb3b799338
      size: 63
